
Microsoft Visual Studio Solution File, Format Version 12.00
# Visual Studio Version 16
VisualStudioVersion = 16.0.31702.278
MinimumVisualStudioVersion = 10.0.40219.1
Project("{FAE04EC0-301F-11D3-BF4B-00C04F79EFBC}") = "Ventanilla", "Ventanilla\Ventanilla.csproj", "{1AC4ABA6-B0B6-4116-AD71-C68B87F2174E}"
EndProject
Global
	GlobalSection(SolutionConfigurationPlatforms) = preSolution
		Debug|Any CPU = Debug|Any CPU
		Release|Any CPU = Release|Any CPU
	EndGlobalSection
	GlobalSection(ProjectConfigurationPlatforms) = postSolution
		{1AC4ABA6-B0B6-4116-AD71-C68B87F2174E}.Debug|Any CPU.ActiveCfg = Debug|Any CPU
		{1AC4ABA6-B0B6-4116-AD71-C68B87F2174E}.Debug|Any CPU.Build.0 = Debug|Any CPU
		{1AC4ABA6-B0B6-4116-AD71-C68B87F2174E}.Release|Any CPU.ActiveCfg = Release|Any CPU
		{1AC4ABA6-B0B6-4116-AD71-C68B87F2174E}.Release|Any CPU.Build.0 = Release|Any CPU
	EndGlobalSection
	GlobalSection(SolutionProperties) = preSolution
		HideSolutionNode = FALSE
	EndGlobalSection
	GlobalSection(ExtensibilityGlobals) = postSolution
		SolutionGuid = {297A7669-A16C-4B98-AE94-DB7AD249541E}
	EndGlobalSection
EndGlobal
